#
# This file is autogenerated by pip-compile with Python 3.12
# by the following command:
#
#    pip-compile --output-file=requirements.lock --strip-extras requirements.txt
#
blinker==1.9.0
    # via flask
click==8.5.0
    # via flask
coverage==7.16.1
    # via pytest-cov
flask==3.1.3
    # via -r requirements.txt
iniconfig==2.3.0
    # via pytest
itsdangerous==2.2.0
    # via flask
jinja2==3.1.6
    # via flask
markupsafe==3.0.3
    # via
    #   flask
    #   jinja2
    #   werkzeug
numpy==1.26.4
    # via
    #   -r requirements.txt
    #   rdkit
packaging==26.3
    # via pytest
pillow==12.3.0
    # via rdkit
pluggy==1.6.0
    # via pytest
pytest==7.4.0
    # via
    #   -r requirements.txt
    #   pytest-cov
pytest-cov==4.1.0
    # via -r requirements.txt
pyyaml==6.0.1
    # via -r requirements.txt
rdkit==2025.9.1
    # via -r requirements.txt
werkzeug==3.1.8
    # via
    #   -r requirements.txt
    #   flask
